// !$*UTF8*$!
{
	archiveVersion = 1;
	classes = {
	};
	objectVersion = 46;
	objects = {

/* Begin PBXBuildFile section */
		0194BC461DF85BF900DAC043 /* AppDelegate.swift in Sources */ = {isa = PBXBuildFile; fileRef = 0194BC451DF85BF900DAC043 /* AppDelegate.swift */; };
		0194BC481DF85BF900DAC043 /* ViewController.swift in Sources */ = {isa = PBXBuildFile; fileRef = 0194BC471DF85BF900DAC043 /* ViewController.swift */; };
		0194BC4B1DF85BF900DAC043 /* Main.storyboard in Resources */ = {isa = PBXBuildFile; fileRef = 0194BC491DF85BF900DAC043 /* Main.storyboard */; };
		0194BC4D1DF85BF900DAC043 /* Assets.xcassets in Resources */ = {isa = PBXBuildFile; fileRef = 0194BC4C1DF85BF900DAC043 /* Assets.xcassets */; };
		0194BC501DF85BF900DAC043 /* LaunchScreen.storyboard in Resources */ = {isa = PBXBuildFile; fileRef = 0194BC4E1DF85BF900DAC043 /* LaunchScreen.storyboard */; };
/* End PBXBuildFile section */

/* Begin PBXFileReference section */
		0194BC421DF85BF900DAC043 /* savePhoto.app */ = {isa = PBXFileReference; explicitFileType = wrapper.application; includeInIndex = 0; path = savePhoto.app; sourceTree = BUILT_PRODUCTS_DIR; };
		0194BC451DF85BF900DAC043 /* AppDelegate.swift */ = {isa = PBXFileReference; lastKnownFileType = sourcecode.swift; path = AppDelegate.swift; sourceTree = "<group>"; };
		0194BC471DF85BF900DAC043 /* ViewController.swift */ = {isa = PBXFileReference; lastKnownFileType = sourcecode.swift; path = ViewController.swift; sourceTree = "<group>"; };
		0194BC4A1DF85BF900DAC043 /* Base */ = {isa = PBXFileReference; lastKnownFileType = file.storyboard; name = Base; path = Base.lproj/Main.storyboard; sourceTree = "<group>"; };
		0194BC4C1DF85BF900DAC043 /* Assets.xcassets */ = {isa = PBXFileReference; lastKnownFileType = folder.assetcatalog; path = Assets.xcassets; sourceTree = "<group>"; };
		0194BC4F1DF85BF900DAC043 /* Base */ = {isa = PBXFileReference; lastKnownFileType = file.storyboard; name = Base; path = Base.lproj/LaunchScreen.storyboard; sourceTree = "<group>"; };
		0194BC511DF85BF900DAC043 /* Info.plist */ = {isa = PBXFileReference; lastKnownFileType = text.plist.xml; path = Info.plist; sourceTree = "<group>"; };
/* End PBXFileReference section */

/* Begin PBXFrameworksBuildPhase section */
		0194BC3F1DF85BF900DAC043 /* Frameworks */ = {
			isa = PBXFrameworksBuildPhase;
			buildActionMask = 2147483647;
			files = (
			);
			runOnlyForDeploymentPostprocessing = 0;
		};
/* End PBXFrameworksBuildPhase section */

/* Begin PBXGroup section */
		0194BC391DF85BF900DAC043 = {
			isa = PBXGroup;
			children = (
				0194BC441DF85BF900DAC043 /* savePhoto */,
				0194BC431DF85BF900DAC043 /* Products */,
			);
			sourceTree = "<group>";
		};
		0194BC431DF85BF900DAC043 /* Products */ = {
			isa = PBXGroup;
			children = (
				0194BC421DF85BF900DAC043 /* savePhoto.app */,
			);
			name = Products;
			sourceTree = "<group>";
		};
		0194BC441DF85BF900DAC043 /* savePhoto */ = {
			isa = PBXGroup;
			children = (
				0194BC451DF85BF900DAC043 /* AppDelegate.swift */,
				0194BC471DF85BF900DAC043 /* ViewController.swift */,
				0194BC491DF85BF900DAC043 /* Main.storyboard */,
				0194BC4C1DF85BF900DAC043 /* Assets.xcassets */,
				0194BC4E1DF85BF900DAC043 /* LaunchScreen.storyboard */,
				0194BC511DF85BF900DAC043 /* Info.plist */,
			);
			path = savePhoto;
			sourceTree = "<group>";
		};
/* End PBXGroup section */

/* Begin PBXNativeTarget section */
		0194BC411DF85BF900DAC043 /* savePhoto */ = {
			isa = PBXNativeTarget;
			buildConfigurationList = 0194BC541DF85BF900DAC043 /* Build configuration list for PBXNativeTarget "savePhoto" */;
			buildPhases = (
				0194BC3E1DF85BF900DAC043 /* Sources */,
				0194BC3F1DF85BF900DAC043 /* Frameworks */,
				0194BC401DF85BF900DAC043 /* Resources */,
			);
			buildRules = (
			);
			dependencies = (
			);
			name = savePhoto;
			productName = savePhoto;
			productReference = 0194BC421DF85BF900DAC043 /* savePhoto.app */;
			productType = "com.apple.product-type.application";
		};
/* End PBXNativeTarget section */

/* Begin PBXProject section */
		0194BC3A1DF85BF900DAC043 /* Project object */ = {
			isa = PBXProject;
			attributes = {
				LastSwiftUpdateCheck = 0810;
				LastUpgradeCheck = 0810;
				ORGANIZATIONNAME = sky;
				TargetAttributes = {
					0194BC411DF85BF900DAC043 = {
						CreatedOnToolsVersion = 8.1;
						DevelopmentTeam = 994WZS8A3U;
						ProvisioningStyle = Automatic;
					};
				};
			};
			buildConfigurationList = 0194BC3D1DF85BF900DAC043 /* Build configuration list for PBXProject "savePhoto" */;
			compatibilityVersion = "Xcode 3.2";
			developmentRegion = English;
			hasScannedForEncodings = 0;
			knownRegions = (
				en,
				Base,
			);
			mainGroup = 0194BC391DF85BF900DAC043;
			productRefGroup = 0194BC431DF85BF900DAC043 /* Products */;
			projectDirPath = "";
			projectRoot = "";
			targets = (
				0194BC411DF85BF900DAC043 /* savePhoto */,
			);
		};
/* End PBXProject section */

/* Begin PBXResourcesBuildPhase section */
		0194BC401DF85BF900DAC043 /* Resources */ = {
			isa = PBXResourcesBuildPhase;
			buildActionMask = 2147483647;
			files = (
				0194BC501DF85BF900DAC043 /* LaunchScreen.storyboard in Resources */,
				0194BC4D1DF85BF900DAC043 /* Assets.xcassets in Resources */,
				0194BC4B1DF85BF900DAC043 /* Main.storyboard in Resources */,
			);
			runOnlyForDeploymentPostprocessing = 0;
		};
/* End PBXResourcesBuildPhase section */

/* Begin PBXSourcesBuildPhase section */
		0194BC3E1DF85BF900DAC043 /* Sources */ = {
			isa = PBXSourcesBuildPhase;
			buildActionMask = 2147483647;
			files = (
				0194BC481DF85BF900DAC043 /* ViewController.swift in Sources */,
				0194BC461DF85BF900DAC043 /* AppDelegate.swift in Sources */,
			);
			runOnlyForDeploymentPostprocessing = 0;
		};
/* End PBXSourcesBuildPhase section */

/* Begin PBXVariantGroup section */
		0194BC491DF85BF900DAC043 /* Main.storyboard */ = {
			isa = PBXVariantGroup;
			children = (
				0194BC4A1DF85BF900DAC043 /* Base */,
			);
			name = Main.storyboard;
			sourceTree = "<group>";
		};
		0194BC4E1DF85BF900DAC043 /* LaunchScreen.storyboard */ = {
			isa = PBXVariantGroup;
			children = (
				0194BC4F1DF85BF900DAC043 /* Base */,
			);
			name = LaunchScreen.storyboard;
			sourceTree = "<group>";
		};
/* End PBXVariantGroup section */

/* Begin XCBuildConfiguration section */
		0194BC521DF85BF900DAC043 /* Debug */ = {
			isa = XCBuildConfiguration;
			buildSettings = {
				ALWAYS_SEARCH_USER_PATHS = NO;
				CLANG_ANALYZER_NONNULL = YES;
				CLANG_CXX_LANGUAGE_STANDARD = "gnu++0x";
				CLANG_CXX_LIBRARY = "libc++";
				CLANG_ENABLE_MODULES = YES;
				CLANG_ENABLE_OBJC_ARC = YES;
				CLANG_WARN_BOOL_CONVERSION = YES;
				CLANG_WARN_CONSTANT_CONVERSION = YES;
				CLANG_WARN_DIRECT_OBJC_ISA_USAGE = YES_ERROR;
				CLANG_WARN_DOCUMENTATION_COMMENTS = YES;
				CLANG_WARN_EMPTY_BODY = YES;
				CLANG_WARN_ENUM_CONVERSION = YES;
				CLANG_WARN_INFINITE_RECURSION = YES;
				CLANG_WARN_INT_CONVERSION = YES;
				CLANG_WARN_OBJC_ROOT_CLASS = YES_ERROR;
				CLANG_WARN_SUSPICIOUS_MOVES = YES;
				CLANG_WARN_UNREACHABLE_CODE = YES;
				CLANG_WARN__DUPLICATE_METHOD_MATCH = YES;
				"CODE_SIGN_IDENTITY[sdk=iphoneos*]" = "iPhone Developer";
				COPY_PHASE_STRIP = NO;
				DEBUG_INFORMATION_FORMAT = dwarf;
				ENABLE_STRICT_OBJC_MSGSEND = YES;
				ENABLE_TESTABILITY = YES;
				GCC_C_LANGUAGE_STANDARD = gnu99;
				GCC_DYNAMIC_NO_PIC = NO;
				GCC_NO_COMMON_BLOCKS = YES;
				GCC_OPTIMIZATION_LEVEL = 0;
				GCC_PREPROCESSOR_DEFINITIONS = (
					"DEBUG=1",
					"$(inherited)",
				);
				GCC_WARN_64_TO_32_BIT_CONVERSION = YES;
				GCC_WARN_ABOUT_RETURN_TYPE = YES_ERROR;
				GCC_WARN_UNDECLARED_SELECTOR = YES;
				GCC_WARN_UNINITIALIZED_AUTOS = YES_AGGRESSIVE;
				GCC_WARN_UNUSED_FUNCTION = YES;
				GCC_WARN_UNUSED_VARIABLE = YES;
				IPHONEOS_DEPLOYMENT_TARGET = 10.1;
				MTL_ENABLE_DEBUG_INFO = YES;
				ONLY_ACTIVE_ARCH = YES;
				SDKROOT = iphoneos;
				SWIFT_ACTIVE_COMPILATION_CONDITIONS = DEBUG;
				SWIFT_OPTIMIZATION_LEVEL = "-Onone";
			};
			name = Debug;
		};
		0194BC531DF85BF900DAC043 /* Release */ = {
			isa = XCBuildConfiguration;
			buildSettings = {
				ALWAYS_SEARCH_USER_PATHS = NO;
				CLANG_ANALYZER_NONNULL = YES;
				CLANG_CXX_LANGUAGE_STANDARD = "gnu++0x";
				CLANG_CXX_LIBRARY = "libc++";
				CLANG_ENABLE_MODULES = YES;
				CLANG_ENABLE_OBJC_ARC = YES;
				CLANG_WARN_BOOL_CONVERSION = YES;
				CLANG_WARN_CONSTANT_CONVERSION = YES;
				CLANG_WARN_DIRECT_OBJC_ISA_USAGE = YES_ERROR;
				CLANG_WARN_DOCUMENTATION_COMMENTS = YES;
				CLANG_WARN_EMPTY_BODY = YES;
				CLANG_WARN_ENUM_CONVERSION = YES;
				CLANG_WARN_INFINITE_RECURSION = YES;
				CLANG_WARN_INT_CONVERSION = YES;
				CLANG_WARN_OBJC_ROOT_CLASS = YES_ERROR;
				CLANG_WARN_SUSPICIOUS_MOVES = YES;
				CLANG_WARN_UNREACHABLE_CODE = YES;
				CLANG_WARN__DUPLICATE_METHOD_MATCH = YES;
				"CODE_SIGN_IDENTITY[sdk=iphoneos*]" = "iPhone Developer";
				COPY_PHASE_STRIP = NO;
				DEBUG_INFORMATION_FORMAT = "dwarf-with-dsym";
				ENABLE_NS_ASSERTIONS = NO;
				ENABLE_STRICT_OBJC_MSGSEND = YES;
				GCC_C_LANGUAGE_STANDARD = gnu99;
				GCC_NO_COMMON_BLOCKS = YES;
				GCC_WARN_64_TO_32_BIT_CONVERSION = YES;
				GCC_WARN_ABOUT_RETURN_TYPE = YES_ERROR;
				GCC_WARN_UNDECLARED_SELECTOR = YES;
				GCC_WARN_UNINITIALIZED_AUTOS = YES_AGGRESSIVE;
				GCC_WARN_UNUSED_FUNCTION = YES;
				GCC_WARN_UNUSED_VARIABLE = YES;
				IPHONEOS_DEPLOYMENT_TARGET = 10.1;
				MTL_ENABLE_DEBUG_INFO = NO;
				SDKROOT = iphoneos;
				SWIFT_OPTIMIZATION_LEVEL = "-Owholemodule";
				VALIDATE_PRODUCT = YES;
			};
			name = Release;
		};
		0194BC551DF85BF900DAC043 /* Debug */ = {
			isa = XCBuildConfiguration;
			buildSettings = {
				ASSETCATALOG_COMPILER_APPICON_NAME = AppIcon;
				DEVELOPMENT_TEAM = 994WZS8A3U;
				INFOPLIST_FILE = savePhoto/Info.plist;
				LD_RUNPATH_SEARCH_PATHS = "$(inherited) @executable_path/Frameworks";
				PRODUCT_BUNDLE_IDENTIFIER = com.sky.savePhoto;
				PRODUCT_NAME = "$(TARGET_NAME)";
				SWIFT_VERSION = 3.0;
			};
			name = Debug;
		};
		0194BC561DF85BF900DAC043 /* Release */ = {
			isa = XCBuildConfiguration;
			buildSettings = {
				ASSETCATALOG_COMPILER_APPICON_NAME = AppIcon;
				DEVELOPMENT_TEAM = 994WZS8A3U;
				INFOPLIST_FILE = savePhoto/Info.plist;
				LD_RUNPATH_SEARCH_PATHS = "$(inherited) @executable_path/Frameworks";
				PRODUCT_BUNDLE_IDENTIFIER = com.sky.savePhoto;
				PRODUCT_NAME = "$(TARGET_NAME)";
				SWIFT_VERSION = 3.0;
			};
			name = Release;
		};
/* End XCBuildConfiguration section */

/* Begin XCConfigurationList section */
		0194BC3D1DF85BF900DAC043 /* Build configuration list for PBXProject "savePhoto" */ = {
			isa = XCConfigurationList;
			buildConfigurations = (
				0194BC521DF85BF900DAC043 /* Debug */,
				0194BC531DF85BF900DAC043 /* Release */,
			);
			defaultConfigurationIsVisible = 0;
			defaultConfigurationName = Release;
		};
		0194BC541DF85BF900DAC043 /* Build configuration list for PBXNativeTarget "savePhoto" */ = {
			isa = XCConfigurationList;
			buildConfigurations = (
				0194BC551DF85BF900DAC043 /* Debug */,
				0194BC561DF85BF900DAC043 /* Release */,
			);
			defaultConfigurationIsVisible = 0;
		};
/* End XCConfigurationList section */
	};
	rootObject = 0194BC3A1DF85BF900DAC043 /* Project object */;
}
